
Microsoft Visual Studio Solution File, Format Version 12.00
# Visual Studio Version 17
VisualStudioVersion = 17.12.35728.132
MinimumVisualStudioVersion = 10.0.40219.1
Project("{FAE04EC0-301F-11D3-BF4B-00C04F79EFBC}") = "EF006.DBContext", "EF006.DBContext.csproj", "{AE25C818-452C-4A8E-ACC0-32E68216363F}"
EndProject
Project("{FAE04EC0-301F-11D3-BF4B-00C04F79EFBC}") = "ExternalConfiguration", "..\ExternalConfiguration\ExternalConfiguration.csproj", "{9194BC30-B97A-4BF9-A521-C72EC3454D79}"
EndProject
Global
	GlobalSection(SolutionConfigurationPlatforms) = preSolution
		Debug|Any CPU = Debug|Any CPU
		Release|Any CPU = Release|Any CPU
	EndGlobalSection
	GlobalSection(ProjectConfigurationPlatforms) = postSolution
		{AE25C818-452C-4A8E-ACC0-32E68216363F}.Debug|Any CPU.ActiveCfg = Debug|Any CPU
		{AE25C818-452C-4A8E-ACC0-32E68216363F}.Debug|Any CPU.Build.0 = Debug|Any CPU
		{AE25C818-452C-4A8E-ACC0-32E68216363F}.Release|Any CPU.ActiveCfg = Release|Any CPU
		{AE25C818-452C-4A8E-ACC0-32E68216363F}.Release|Any CPU.Build.0 = Release|Any CPU
		{9194BC30-B97A-4BF9-A521-C72EC3454D79}.Debug|Any CPU.ActiveCfg = Debug|Any CPU
		{9194BC30-B97A-4BF9-A521-C72EC3454D79}.Debug|Any CPU.Build.0 = Debug|Any CPU
		{9194BC30-B97A-4BF9-A521-C72EC3454D79}.Release|Any CPU.ActiveCfg = Release|Any CPU
		{9194BC30-B97A-4BF9-A521-C72EC3454D79}.Release|Any CPU.Build.0 = Release|Any CPU
	EndGlobalSection
	GlobalSection(SolutionProperties) = preSolution
		HideSolutionNode = FALSE
	EndGlobalSection
EndGlobal
